// !$*UTF8*$!
{
	archiveVersion = 1;
	classes = {
	};
	objectVersion = 56;
	objects = {

/* Begin PBXBuildFile section */
		9A6853AB2993827900BD2EB6 /* AppDelegate.swift in Sources */ = {isa = PBXBuildFile; fileRef = 9A6853AA2993827900BD2EB6 /* AppDelegate.swift */; };
		9A6853AD2993827900BD2EB6 /* SceneDelegate.swift in Sources */ = {isa = PBXBuildFile; fileRef = 9A6853AC2993827900BD2EB6 /* SceneDelegate.swift */; };
		9A6853B22993827900BD2EB6 /* Main.storyboard in Resources */ = {isa = PBXBuildFile; fileRef = 9A6853B02993827900BD2EB6 /* Main.storyboard */; };
		9A6853B42993827B00BD2EB6 /* Assets.xcassets in Resources */ = {isa = PBXBuildFile; fileRef = 9A6853B32993827B00BD2EB6 /* Assets.xcassets */; };
		9A6853B72993827B00BD2EB6 /* LaunchScreen.storyboard in Resources */ = {isa = PBXBuildFile; fileRef = 9A6853B52993827B00BD2EB6 /* LaunchScreen.storyboard */; };
		9A6853C22993827C00BD2EB6 /* MVVM_AppTests.swift in Sources */ = {isa = PBXBuildFile; fileRef = 9A6853C12993827C00BD2EB6 /* MVVM_AppTests.swift */; };
		9A6853CC2993827C00BD2EB6 /* MVVM_AppUITests.swift in Sources */ = {isa = PBXBuildFile; fileRef = 9A6853CB2993827C00BD2EB6 /* MVVM_AppUITests.swift */; };
		9A6853CE2993827C00BD2EB6 /* MVVM_AppUITestsLaunchTests.swift in Sources */ = {isa = PBXBuildFile; fileRef = 9A6853CD2993827C00BD2EB6 /* MVVM_AppUITestsLaunchTests.swift */; };
		9A6853E72993850400BD2EB6 /* Product.swift in Sources */ = {isa = PBXBuildFile; fileRef = 9A6853E62993850400BD2EB6 /* Product.swift */; };
		9A6853E92993863000BD2EB6 /* APIManager.swift in Sources */ = {isa = PBXBuildFile; fileRef = 9A6853E82993863000BD2EB6 /* APIManager.swift */; };
		9A6853EB2993914000BD2EB6 /* Constant.swift in Sources */ = {isa = PBXBuildFile; fileRef = 9A6853EA2993914000BD2EB6 /* Constant.swift */; };
		9A6853ED29939C9800BD2EB6 /* ProductListVC.swift in Sources */ = {isa = PBXBuildFile; fileRef = 9A6853EC29939C9800BD2EB6 /* ProductListVC.swift */; };
		9A6853EF29939F0A00BD2EB6 /* ProductViewModel.swift in Sources */ = {isa = PBXBuildFile; fileRef = 9A6853EE29939F0A00BD2EB6 /* ProductViewModel.swift */; };
		9AE60F802993C8F1001C5C2E /* ProductCellTableViewCell.swift in Sources */ = {isa = PBXBuildFile; fileRef = 9AE60F7E2993C8F1001C5C2E /* ProductCellTableViewCell.swift */; };
		9AE60F812993C8F1001C5C2E /* ProductCellTableViewCell.xib in Resources */ = {isa = PBXBuildFile; fileRef = 9AE60F7F2993C8F1001C5C2E /* ProductCellTableViewCell.xib */; };
		9AE60F842993DCE7001C5C2E /* Kingfisher in Frameworks */ = {isa = PBXBuildFile; productRef = 9AE60F832993DCE7001C5C2E /* Kingfisher */; };
		9AE60F862993DD1D001C5C2E /* UIImageViewExtentions.swift in Sources */ = {isa = PBXBuildFile; fileRef = 9AE60F852993DD1D001C5C2E /* UIImageViewExtentions.swift */; };
/* End PBXBuildFile section */

/* Begin PBXContainerItemProxy section */
		9A6853BE2993827C00BD2EB6 /* PBXContainerItemProxy */ = {
			isa = PBXContainerItemProxy;
			containerPortal = 9A68539F2993827900BD2EB6 /* Project object */;
			proxyType = 1;
			remoteGlobalIDString = 9A6853A62993827900BD2EB6;
			remoteInfo = "MVVM App";
		};
		9A6853C82993827C00BD2EB6 /* PBXContainerItemProxy */ = {
			isa = PBXContainerItemProxy;
			containerPortal = 9A68539F2993827900BD2EB6 /* Project object */;
			proxyType = 1;
			remoteGlobalIDString = 9A6853A62993827900BD2EB6;
			remoteInfo = "MVVM App";
		};
/* End PBXContainerItemProxy section */

/* Begin PBXFileReference section */
		9A6853A72993827900BD2EB6 /* MVVM App.app */ = {isa = PBXFileReference; explicitFileType = wrapper.application; includeInIndex = 0; path = "MVVM App.app"; sourceTree = BUILT_PRODUCTS_DIR; };
		9A6853AA2993827900BD2EB6 /* AppDelegate.swift */ = {isa = PBXFileReference; lastKnownFileType = sourcecode.swift; path = AppDelegate.swift; sourceTree = "<group>"; };
		9A6853AC2993827900BD2EB6 /* SceneDelegate.swift */ = {isa = PBXFileReference; lastKnownFileType = sourcecode.swift; path = SceneDelegate.swift; sourceTree = "<group>"; };
		9A6853B12993827900BD2EB6 /* Base */ = {isa = PBXFileReference; lastKnownFileType = file.storyboard; name = Base; path = Base.lproj/Main.storyboard; sourceTree = "<group>"; };
		9A6853B32993827B00BD2EB6 /* Assets.xcassets */ = {isa = PBXFileReference; lastKnownFileType = folder.assetcatalog; path = Assets.xcassets; sourceTree = "<group>"; };
		9A6853B62993827B00BD2EB6 /* Base */ = {isa = PBXFileReference; lastKnownFileType = file.storyboard; name = Base; path = Base.lproj/LaunchScreen.storyboard; sourceTree = "<group>"; };
		9A6853B82993827B00BD2EB6 /* Info.plist */ = {isa = PBXFileReference; lastKnownFileType = text.plist.xml; path = Info.plist; sourceTree = "<group>"; };
		9A6853BD2993827C00BD2EB6 /* MVVM AppTests.xctest */ = {isa = PBXFileReference; explicitFileType = wrapper.cfbundle; includeInIndex = 0; path = "MVVM AppTests.xctest"; sourceTree = BUILT_PRODUCTS_DIR; };
		9A6853C12993827C00BD2EB6 /* MVVM_AppTests.swift */ = {isa = PBXFileReference; lastKnownFileType = sourcecode.swift; path = MVVM_AppTests.swift; sourceTree = "<group>"; };
		9A6853C72993827C00BD2EB6 /* MVVM AppUITests.xctest */ = {isa = PBXFileReference; explicitFileType = wrapper.cfbundle; includeInIndex = 0; path = "MVVM AppUITests.xctest"; sourceTree = BUILT_PRODUCTS_DIR; };
		9A6853CB2993827C00BD2EB6 /* MVVM_AppUITests.swift */ = {isa = PBXFileReference; lastKnownFileType = sourcecode.swift; path = MVVM_AppUITests.swift; sourceTree = "<group>"; };
		9A6853CD2993827C00BD2EB6 /* MVVM_AppUITestsLaunchTests.swift */ = {isa = PBXFileReference; lastKnownFileType = sourcecode.swift; path = MVVM_AppUITestsLaunchTests.swift; sourceTree = "<group>"; };
		9A6853E62993850400BD2EB6 /* Product.swift */ = {isa = PBXFileReference; lastKnownFileType = sourcecode.swift; path = Product.swift; sourceTree = "<group>"; };
		9A6853E82993863000BD2EB6 /* APIManager.swift */ = {isa = PBXFileReference; lastKnownFileType = sourcecode.swift; path = APIManager.swift; sourceTree = "<group>"; };
		9A6853EA2993914000BD2EB6 /* Constant.swift */ = {isa = PBXFileReference; lastKnownFileType = sourcecode.swift; path = Constant.swift; sourceTree = "<group>"; };
		9A6853EC29939C9800BD2EB6 /* ProductListVC.swift */ = {isa = PBXFileReference; lastKnownFileType = sourcecode.swift; path = ProductListVC.swift; sourceTree = "<group>"; };
		9A6853EE29939F0A00BD2EB6 /* ProductViewModel.swift */ = {isa = PBXFileReference; lastKnownFileType = sourcecode.swift; path = ProductViewModel.swift; sourceTree = "<group>"; };
		9AE60F7E2993C8F1001C5C2E /* ProductCellTableViewCell.swift */ = {isa = PBXFileReference; lastKnownFileType = sourcecode.swift; path = ProductCellTableViewCell.swift; sourceTree = "<group>"; };
		9AE60F7F2993C8F1001C5C2E /* ProductCellTableViewCell.xib */ = {isa = PBXFileReference; lastKnownFileType = file.xib; path = ProductCellTableViewCell.xib; sourceTree = "<group>"; };
		9AE60F852993DD1D001C5C2E /* UIImageViewExtentions.swift */ = {isa = PBXFileReference; lastKnownFileType = sourcecode.swift; path = UIImageViewExtentions.swift; sourceTree = "<group>"; };
/* End PBXFileReference section */

/* Begin PBXFrameworksBuildPhase section */
		9A6853A42993827900BD2EB6 /* Frameworks */ = {
			isa = PBXFrameworksBuildPhase;
			buildActionMask = 2147483647;
			files = (
				9AE60F842993DCE7001C5C2E /* Kingfisher in Frameworks */,
			);
			runOnlyForDeploymentPostprocessing = 0;
		};
		9A6853BA2993827C00BD2EB6 /* Frameworks */ = {
			isa = PBXFrameworksBuildPhase;
			buildActionMask = 2147483647;
			files = (
			);
			runOnlyForDeploymentPostprocessing = 0;
		};
		9A6853C42993827C00BD2EB6 /* Frameworks */ = {
			isa = PBXFrameworksBuildPhase;
			buildActionMask = 2147483647;
			files = (
			);
			runOnlyForDeploymentPostprocessing = 0;
		};
/* End PBXFrameworksBuildPhase section */

/* Begin PBXGroup section */
		9A68539E2993827900BD2EB6 = {
			isa = PBXGroup;
			children = (
				9A6853A92993827900BD2EB6 /* MVVM App */,
				9A6853C02993827C00BD2EB6 /* MVVM AppTests */,
				9A6853CA2993827C00BD2EB6 /* MVVM AppUITests */,
				9A6853A82993827900BD2EB6 /* Products */,
			);
			sourceTree = "<group>";
		};
		9A6853A82993827900BD2EB6 /* Products */ = {
			isa = PBXGroup;
			children = (
				9A6853A72993827900BD2EB6 /* MVVM App.app */,
				9A6853BD2993827C00BD2EB6 /* MVVM AppTests.xctest */,
				9A6853C72993827C00BD2EB6 /* MVVM AppUITests.xctest */,
			);
			name = Products;
			sourceTree = "<group>";
		};
		9A6853A92993827900BD2EB6 /* MVVM App */ = {
			isa = PBXGroup;
			children = (
				9A6853E1299382C500BD2EB6 /* Application */,
				9A6853DE299382BC00BD2EB6 /* Constant */,
				9A6853DF299382BF00BD2EB6 /* Extensions */,
				9A6853E0299382C200BD2EB6 /* Helper */,
				9A6853DD299382B900BD2EB6 /* Screens */,
				9A6853DC299382B600BD2EB6 /* Storyboard */,
				9A6853DA299382A300BD2EB6 /* Resources */,
				9A6853B82993827B00BD2EB6 /* Info.plist */,
			);
			path = "MVVM App";
			sourceTree = "<group>";
		};
		9A6853C02993827C00BD2EB6 /* MVVM AppTests */ = {
			isa = PBXGroup;
			children = (
				9A6853C12993827C00BD2EB6 /* MVVM_AppTests.swift */,
			);
			path = "MVVM AppTests";
			sourceTree = "<group>";
		};
		9A6853CA2993827C00BD2EB6 /* MVVM AppUITests */ = {
			isa = PBXGroup;
			children = (
				9A6853CB2993827C00BD2EB6 /* MVVM_AppUITests.swift */,
				9A6853CD2993827C00BD2EB6 /* MVVM_AppUITestsLaunchTests.swift */,
			);
			path = "MVVM AppUITests";
			sourceTree = "<group>";
		};
		9A6853DA299382A300BD2EB6 /* Resources */ = {
			isa = PBXGroup;
			children = (
				9A6853B32993827B00BD2EB6 /* Assets.xcassets */,
			);
			path = Resources;
			sourceTree = "<group>";
		};
		9A6853DC299382B600BD2EB6 /* Storyboard */ = {
			isa = PBXGroup;
			children = (
				9A6853B02993827900BD2EB6 /* Main.storyboard */,
				9A6853B52993827B00BD2EB6 /* LaunchScreen.storyboard */,
			);
			path = Storyboard;
			sourceTree = "<group>";
		};
		9A6853DD299382B900BD2EB6 /* Screens */ = {
			isa = PBXGroup;
			children = (
				9A6853E22993838700BD2EB6 /* Product */,
			);
			path = Screens;
			sourceTree = "<group>";
		};
		9A6853DE299382BC00BD2EB6 /* Constant */ = {
			isa = PBXGroup;
			children = (
				9A6853EA2993914000BD2EB6 /* Constant.swift */,
			);
			path = Constant;
			sourceTree = "<group>";
		};
		9A6853DF299382BF00BD2EB6 /* Extensions */ = {
			isa = PBXGroup;
			children = (
				9AE60F852993DD1D001C5C2E /* UIImageViewExtentions.swift */,
			);
			path = Extensions;
			sourceTree = "<group>";
		};
		9A6853E0299382C200BD2EB6 /* Helper */ = {
			isa = PBXGroup;
			children = (
				9A6853E82993863000BD2EB6 /* APIManager.swift */,
			);
			path = Helper;
			sourceTree = "<group>";
		};
		9A6853E1299382C500BD2EB6 /* Application */ = {
			isa = PBXGroup;
			children = (
				9A6853AA2993827900BD2EB6 /* AppDelegate.swift */,
				9A6853AC2993827900BD2EB6 /* SceneDelegate.swift */,
			);
			path = Application;
			sourceTree = "<group>";
		};
		9A6853E22993838700BD2EB6 /* Product */ = {
			isa = PBXGroup;
			children = (
				9A6853E52993839900BD2EB6 /* Model */,
				9A6853E42993839600BD2EB6 /* View */,
				9A6853E32993839300BD2EB6 /* VIewModel */,
			);
			path = Product;
			sourceTree = "<group>";
		};
		9A6853E32993839300BD2EB6 /* VIewModel */ = {
			isa = PBXGroup;
			children = (
				9A6853EE29939F0A00BD2EB6 /* ProductViewModel.swift */,
			);
			path = VIewModel;
			sourceTree = "<group>";
		};
		9A6853E42993839600BD2EB6 /* View */ = {
			isa = PBXGroup;
			children = (
				9A6853EC29939C9800BD2EB6 /* ProductListVC.swift */,
				9AE60F7E2993C8F1001C5C2E /* ProductCellTableViewCell.swift */,
				9AE60F7F2993C8F1001C5C2E /* ProductCellTableViewCell.xib */,
			);
			path = View;
			sourceTree = "<group>";
		};
		9A6853E52993839900BD2EB6 /* Model */ = {
			isa = PBXGroup;
			children = (
				9A6853E62993850400BD2EB6 /* Product.swift */,
			);
			path = Model;
			sourceTree = "<group>";
		};
/* End PBXGroup section */

/* Begin PBXNativeTarget section */
		9A6853A62993827900BD2EB6 /* MVVM App */ = {
			isa = PBXNativeTarget;
			buildConfigurationList = 9A6853D12993827C00BD2EB6 /* Build configuration list for PBXNativeTarget "MVVM App" */;
			buildPhases = (
				9A6853A32993827900BD2EB6 /* Sources */,
				9A6853A42993827900BD2EB6 /* Frameworks */,
				9A6853A52993827900BD2EB6 /* Resources */,
			);
			buildRules = (
			);
			dependencies = (
			);
			name = "MVVM App";
			packageProductDependencies = (
				9AE60F832993DCE7001C5C2E /* Kingfisher */,
			);
			productName = "MVVM App";
			productReference = 9A6853A72993827900BD2EB6 /* MVVM App.app */;
			productType = "com.apple.product-type.application";
		};
		9A6853BC2993827C00BD2EB6 /* MVVM AppTests */ = {
			isa = PBXNativeTarget;
			buildConfigurationList = 9A6853D42993827C00BD2EB6 /* Build configuration list for PBXNativeTarget "MVVM AppTests" */;
			buildPhases = (
				9A6853B92993827C00BD2EB6 /* Sources */,
				9A6853BA2993827C00BD2EB6 /* Frameworks */,
				9A6853BB2993827C00BD2EB6 /* Resources */,
			);
			buildRules = (
			);
			dependencies = (
				9A6853BF2993827C00BD2EB6 /* PBXTargetDependency */,
			);
			name = "MVVM AppTests";
			productName = "MVVM AppTests";
			productReference = 9A6853BD2993827C00BD2EB6 /* MVVM AppTests.xctest */;
			productType = "com.apple.product-type.bundle.unit-test";
		};
		9A6853C62993827C00BD2EB6 /* MVVM AppUITests */ = {
			isa = PBXNativeTarget;
			buildConfigurationList = 9A6853D72993827C00BD2EB6 /* Build configuration list for PBXNativeTarget "MVVM AppUITests" */;
			buildPhases = (
				9A6853C32993827C00BD2EB6 /* Sources */,
				9A6853C42993827C00BD2EB6 /* Frameworks */,
				9A6853C52993827C00BD2EB6 /* Resources */,
			);
			buildRules = (
			);
			dependencies = (
				9A6853C92993827C00BD2EB6 /* PBXTargetDependency */,
			);
			name = "MVVM AppUITests";
			productName = "MVVM AppUITests";
			productReference = 9A6853C72993827C00BD2EB6 /* MVVM AppUITests.xctest */;
			productType = "com.apple.product-type.bundle.ui-testing";
		};
/* End PBXNativeTarget section */

/* Begin PBXProject section */
		9A68539F2993827900BD2EB6 /* Project object */ = {
			isa = PBXProject;
			attributes = {
				BuildIndependentTargetsInParallel = 1;
				LastSwiftUpdateCheck = 1420;
				LastUpgradeCheck = 1420;
				TargetAttributes = {
					9A6853A62993827900BD2EB6 = {
						CreatedOnToolsVersion = 14.2;
					};
					9A6853BC2993827C00BD2EB6 = {
						CreatedOnToolsVersion = 14.2;
						TestTargetID = 9A6853A62993827900BD2EB6;
					};
					9A6853C62993827C00BD2EB6 = {
						CreatedOnToolsVersion = 14.2;
						TestTargetID = 9A6853A62993827900BD2EB6;
					};
				};
			};
			buildConfigurationList = 9A6853A22993827900BD2EB6 /* Build configuration list for PBXProject "MVVM App" */;
			compatibilityVersion = "Xcode 14.0";
			developmentRegion = en;
			hasScannedForEncodings = 0;
			knownRegions = (
				en,
				Base,
			);
			mainGroup = 9A68539E2993827900BD2EB6;
			packageReferences = (
				9AE60F822993DCE7001C5C2E /* XCRemoteSwiftPackageReference "Kingfisher" */,
			);
			productRefGroup = 9A6853A82993827900BD2EB6 /* Products */;
			projectDirPath = "";
			projectRoot = "";
			targets = (
				9A6853A62993827900BD2EB6 /* MVVM App */,
				9A6853BC2993827C00BD2EB6 /* MVVM AppTests */,
				9A6853C62993827C00BD2EB6 /* MVVM AppUITests */,
			);
		};
/* End PBXProject section */

/* Begin PBXResourcesBuildPhase section */
		9A6853A52993827900BD2EB6 /* Resources */ = {
			isa = PBXResourcesBuildPhase;
			buildActionMask = 2147483647;
			files = (
				9A6853B72993827B00BD2EB6 /* LaunchScreen.storyboard in Resources */,
				9AE60F812993C8F1001C5C2E /* ProductCellTableViewCell.xib in Resources */,
				9A6853B42993827B00BD2EB6 /* Assets.xcassets in Resources */,
				9A6853B22993827900BD2EB6 /* Main.storyboard in Resources */,
			);
			runOnlyForDeploymentPostprocessing = 0;
		};
		9A6853BB2993827C00BD2EB6 /* Resources */ = {
			isa = PBXResourcesBuildPhase;
			buildActionMask = 2147483647;
			files = (
			);
			runOnlyForDeploymentPostprocessing = 0;
		};
		9A6853C52993827C00BD2EB6 /* Resources */ = {
			isa = PBXResourcesBuildPhase;
			buildActionMask = 2147483647;
			files = (
			);
			runOnlyForDeploymentPostprocessing = 0;
		};
/* End PBXResourcesBuildPhase section */

/* Begin PBXSourcesBuildPhase section */
		9A6853A32993827900BD2EB6 /* Sources */ = {
			isa = PBXSourcesBuildPhase;
			buildActionMask = 2147483647;
			files = (
				9A6853EF29939F0A00BD2EB6 /* ProductViewModel.swift in Sources */,
				9A6853E92993863000BD2EB6 /* APIManager.swift in Sources */,
				9A6853AB2993827900BD2EB6 /* AppDelegate.swift in Sources */,
				9A6853ED29939C9800BD2EB6 /* ProductListVC.swift in Sources */,
				9AE60F862993DD1D001C5C2E /* UIImageViewExtentions.swift in Sources */,
				9A6853EB2993914000BD2EB6 /* Constant.swift in Sources */,
				9AE60F802993C8F1001C5C2E /* ProductCellTableViewCell.swift in Sources */,
				9A6853AD2993827900BD2EB6 /* SceneDelegate.swift in Sources */,
				9A6853E72993850400BD2EB6 /* Product.swift in Sources */,
			);
			runOnlyForDeploymentPostprocessing = 0;
		};
		9A6853B92993827C00BD2EB6 /* Sources */ = {
			isa = PBXSourcesBuildPhase;
			buildActionMask = 2147483647;
			files = (
				9A6853C22993827C00BD2EB6 /* MVVM_AppTests.swift in Sources */,
			);
			runOnlyForDeploymentPostprocessing = 0;
		};
		9A6853C32993827C00BD2EB6 /* Sources */ = {
			isa = PBXSourcesBuildPhase;
			buildActionMask = 2147483647;
			files = (
				9A6853CE2993827C00BD2EB6 /* MVVM_AppUITestsLaunchTests.swift in Sources */,
				9A6853CC2993827C00BD2EB6 /* MVVM_AppUITests.swift in Sources */,
			);
			runOnlyForDeploymentPostprocessing = 0;
		};
/* End PBXSourcesBuildPhase section */

/* Begin PBXTargetDependency section */
		9A6853BF2993827C00BD2EB6 /* PBXTargetDependency */ = {
			isa = PBXTargetDependency;
			target = 9A6853A62993827900BD2EB6 /* MVVM App */;
			targetProxy = 9A6853BE2993827C00BD2EB6 /* PBXContainerItemProxy */;
		};
		9A6853C92993827C00BD2EB6 /* PBXTargetDependency */ = {
			isa = PBXTargetDependency;
			target = 9A6853A62993827900BD2EB6 /* MVVM App */;
			targetProxy = 9A6853C82993827C00BD2EB6 /* PBXContainerItemProxy */;
		};
/* End PBXTargetDependency section */

/* Begin PBXVariantGroup section */
		9A6853B02993827900BD2EB6 /* Main.storyboard */ = {
			isa = PBXVariantGroup;
			children = (
				9A6853B12993827900BD2EB6 /* Base */,
			);
			name = Main.storyboard;
			sourceTree = "<group>";
		};
		9A6853B52993827B00BD2EB6 /* LaunchScreen.storyboard */ = {
			isa = PBXVariantGroup;
			children = (
				9A6853B62993827B00BD2EB6 /* Base */,
			);
			name = LaunchScreen.storyboard;
			sourceTree = "<group>";
		};
/* End PBXVariantGroup section */

/* Begin XCBuildConfiguration section */
		9A6853CF2993827C00BD2EB6 /* Debug */ = {
			isa = XCBuildConfiguration;
			buildSettings = {
				ALWAYS_SEARCH_USER_PATHS = NO;
				CLANG_ANALYZER_NONNULL = YES;
				CLANG_ANALYZER_NUMBER_OBJECT_CONVERSION = YES_AGGRESSIVE;
				CLANG_CXX_LANGUAGE_STANDARD = "gnu++20";
				CLANG_ENABLE_MODULES = YES;
				CLANG_ENABLE_OBJC_ARC = YES;
				CLANG_ENABLE_OBJC_WEAK = YES;
				CLANG_WARN_BLOCK_CAPTURE_AUTORELEASING = YES;
				CLANG_WARN_BOOL_CONVERSION = YES;
				CLANG_WARN_COMMA = YES;
				CLANG_WARN_CONSTANT_CONVERSION = YES;
				CLANG_WARN_DEPRECATED_OBJC_IMPLEMENTATIONS = YES;
				CLANG_WARN_DIRECT_OBJC_ISA_USAGE = YES_ERROR;
				CLANG_WARN_DOCUMENTATION_COMMENTS = YES;
				CLANG_WARN_EMPTY_BODY = YES;
				CLANG_WARN_ENUM_CONVERSION = YES;
				CLANG_WARN_INFINITE_RECURSION = YES;
				CLANG_WARN_INT_CONVERSION = YES;
				CLANG_WARN_NON_LITERAL_NULL_CONVERSION = YES;
				CLANG_WARN_OBJC_IMPLICIT_RETAIN_SELF = YES;
				CLANG_WARN_OBJC_LITERAL_CONVERSION = YES;
				CLANG_WARN_OBJC_ROOT_CLASS = YES_ERROR;
				CLANG_WARN_QUOTED_INCLUDE_IN_FRAMEWORK_HEADER = YES;
				CLANG_WARN_RANGE_LOOP_ANALYSIS = YES;
				CLANG_WARN_STRICT_PROTOTYPES = YES;
				CLANG_WARN_SUSPICIOUS_MOVE = YES;
				CLANG_WARN_UNGUARDED_AVAILABILITY = YES_AGGRESSIVE;
				CLANG_WARN_UNREACHABLE_CODE = YES;
				CLANG_WARN__DUPLICATE_METHOD_MATCH = YES;
				COPY_PHASE_STRIP = NO;
				DEBUG_INFORMATION_FORMAT = dwarf;
				ENABLE_STRICT_OBJC_MSGSEND = YES;
				ENABLE_TESTABILITY = YES;
				GCC_C_LANGUAGE_STANDARD = gnu11;
				GCC_DYNAMIC_NO_PIC = NO;
				GCC_NO_COMMON_BLOCKS = YES;
				GCC_OPTIMIZATION_LEVEL = 0;
				GCC_PREPROCESSOR_DEFINITIONS = (
					"DEBUG=1",
					"$(inherited)",
				);
				GCC_WARN_64_TO_32_BIT_CONVERSION = YES;
				GCC_WARN_ABOUT_RETURN_TYPE = YES_ERROR;
				GCC_WARN_UNDECLARED_SELECTOR = YES;
				GCC_WARN_UNINITIALIZED_AUTOS = YES_AGGRESSIVE;
				GCC_WARN_UNUSED_FUNCTION = YES;
				GCC_WARN_UNUSED_VARIABLE = YES;
				IPHONEOS_DEPLOYMENT_TARGET = 16.2;
				MTL_ENABLE_DEBUG_INFO = INCLUDE_SOURCE;
				MTL_FAST_MATH = YES;
				ONLY_ACTIVE_ARCH = YES;
				SDKROOT = iphoneos;
				SWIFT_ACTIVE_COMPILATION_CONDITIONS = DEBUG;
				SWIFT_OPTIMIZATION_LEVEL = "-Onone";
			};
			name = Debug;
		};
		9A6853D02993827C00BD2EB6 /* Release */ = {
			isa = XCBuildConfiguration;
			buildSettings = {
				ALWAYS_SEARCH_USER_PATHS = NO;
				CLANG_ANALYZER_NONNULL = YES;
				CLANG_ANALYZER_NUMBER_OBJECT_CONVERSION = YES_AGGRESSIVE;
				CLANG_CXX_LANGUAGE_STANDARD = "gnu++20";
				CLANG_ENABLE_MODULES = YES;
				CLANG_ENABLE_OBJC_ARC = YES;
				CLANG_ENABLE_OBJC_WEAK = YES;
				CLANG_WARN_BLOCK_CAPTURE_AUTORELEASING = YES;
				CLANG_WARN_BOOL_CONVERSION = YES;
				CLANG_WARN_COMMA = YES;
				CLANG_WARN_CONSTANT_CONVERSION = YES;
				CLANG_WARN_DEPRECATED_OBJC_IMPLEMENTATIONS = YES;
				CLANG_WARN_DIRECT_OBJC_ISA_USAGE = YES_ERROR;
				CLANG_WARN_DOCUMENTATION_COMMENTS = YES;
				CLANG_WARN_EMPTY_BODY = YES;
				CLANG_WARN_ENUM_CONVERSION = YES;
				CLANG_WARN_INFINITE_RECURSION = YES;
				CLANG_WARN_INT_CONVERSION = YES;
				CLANG_WARN_NON_LITERAL_NULL_CONVERSION = YES;
				CLANG_WARN_OBJC_IMPLICIT_RETAIN_SELF = YES;
				CLANG_WARN_OBJC_LITERAL_CONVERSION = YES;
				CLANG_WARN_OBJC_ROOT_CLASS = YES_ERROR;
				CLANG_WARN_QUOTED_INCLUDE_IN_FRAMEWORK_HEADER = YES;
				CLANG_WARN_RANGE_LOOP_ANALYSIS = YES;
				CLANG_WARN_STRICT_PROTOTYPES = YES;
				CLANG_WARN_SUSPICIOUS_MOVE = YES;
				CLANG_WARN_UNGUARDED_AVAILABILITY = YES_AGGRESSIVE;
				CLANG_WARN_UNREACHABLE_CODE = YES;
				CLANG_WARN__DUPLICATE_METHOD_MATCH = YES;
				COPY_PHASE_STRIP = NO;
				DEBUG_INFORMATION_FORMAT = "dwarf-with-dsym";
				ENABLE_NS_ASSERTIONS = NO;
				ENABLE_STRICT_OBJC_MSGSEND = YES;
				GCC_C_LANGUAGE_STANDARD = gnu11;
				GCC_NO_COMMON_BLOCKS = YES;
				GCC_WARN_64_TO_32_BIT_CONVERSION = YES;
				GCC_WARN_ABOUT_RETURN_TYPE = YES_ERROR;
				GCC_WARN_UNDECLARED_SELECTOR = YES;
				GCC_WARN_UNINITIALIZED_AUTOS = YES_AGGRESSIVE;
				GCC_WARN_UNUSED_FUNCTION = YES;
				GCC_WARN_UNUSED_VARIABLE = YES;
				IPHONEOS_DEPLOYMENT_TARGET = 16.2;
				MTL_ENABLE_DEBUG_INFO = NO;
				MTL_FAST_MATH = YES;
				SDKROOT = iphoneos;
				SWIFT_COMPILATION_MODE = wholemodule;
				SWIFT_OPTIMIZATION_LEVEL = "-O";
				VALIDATE_PRODUCT = YES;
			};
			name = Release;
		};
		9A6853D22993827C00BD2EB6 /* Debug */ = {
			isa = XCBuildConfiguration;
			buildSettings = {
				ASSETCATALOG_COMPILER_APPICON_NAME = AppIcon;
				ASSETCATALOG_COMPILER_GLOBAL_ACCENT_COLOR_NAME = AccentColor;
				CODE_SIGN_STYLE = Automatic;
				CURRENT_PROJECT_VERSION = 1;
				GENERATE_INFOPLIST_FILE = YES;
				INFOPLIST_FILE = "MVVM App/Info.plist";
				INFOPLIST_KEY_UIApplicationSupportsIndirectInputEvents = YES;
				INFOPLIST_KEY_UILaunchStoryboardName = LaunchScreen;
				INFOPLIST_KEY_UIMainStoryboardFile = Main;
				INFOPLIST_KEY_UISupportedInterfaceOrientations_iPad = "UIInterfaceOrientationPortrait UIInterfaceOrientationPortraitUpsideDown UIInterfaceOrientationLandscapeLeft UIInterfaceOrientationLandscapeRight";
				INFOPLIST_KEY_UISupportedInterfaceOrientations_iPhone = "UIInterfaceOrientationPortrait UIInterfaceOrientationLandscapeLeft UIInterfaceOrientationLandscapeRight";
				LD_RUNPATH_SEARCH_PATHS = (
					"$(inherited)",
					"@executable_path/Frameworks",
				);
				MARKETING_VERSION = 1.0;
				PRODUCT_BUNDLE_IDENTIFIER = "Docquity-Intern.MVVM-App";
				PRODUCT_NAME = "$(TARGET_NAME)";
				SWIFT_EMIT_LOC_STRINGS = YES;
				SWIFT_VERSION = 5.0;
				TARGETED_DEVICE_FAMILY = "1,2";
			};
			name = Debug;
		};
		9A6853D32993827C00BD2EB6 /* Release */ = {
			isa = XCBuildConfiguration;
			buildSettings = {
				ASSETCATALOG_COMPILER_APPICON_NAME = AppIcon;
				ASSETCATALOG_COMPILER_GLOBAL_ACCENT_COLOR_NAME = AccentColor;
				CODE_SIGN_STYLE = Automatic;
				CURRENT_PROJECT_VERSION = 1;
				GENERATE_INFOPLIST_FILE = YES;
				INFOPLIST_FILE = "MVVM App/Info.plist";
				INFOPLIST_KEY_UIApplicationSupportsIndirectInputEvents = YES;
				INFOPLIST_KEY_UILaunchStoryboardName = LaunchScreen;
				INFOPLIST_KEY_UIMainStoryboardFile = Main;
				INFOPLIST_KEY_UISupportedInterfaceOrientations_iPad = "UIInterfaceOrientationPortrait UIInterfaceOrientationPortraitUpsideDown UIInterfaceOrientationLandscapeLeft UIInterfaceOrientationLandscapeRight";
				INFOPLIST_KEY_UISupportedInterfaceOrientations_iPhone = "UIInterfaceOrientationPortrait UIInterfaceOrientationLandscapeLeft UIInterfaceOrientationLandscapeRight";
				LD_RUNPATH_SEARCH_PATHS = (
					"$(inherited)",
					"@executable_path/Frameworks",
				);
				MARKETING_VERSION = 1.0;
				PRODUCT_BUNDLE_IDENTIFIER = "Docquity-Intern.MVVM-App";
				PRODUCT_NAME = "$(TARGET_NAME)";
				SWIFT_EMIT_LOC_STRINGS = YES;
				SWIFT_VERSION = 5.0;
				TARGETED_DEVICE_FAMILY = "1,2";
			};
			name = Release;
		};
		9A6853D52993827C00BD2EB6 /* Debug */ = {
			isa = XCBuildConfiguration;
			buildSettings = {
				ALWAYS_EMBED_SWIFT_STANDARD_LIBRARIES = YES;
				BUNDLE_LOADER = "$(TEST_HOST)";
				CODE_SIGN_STYLE = Automatic;
				CURRENT_PROJECT_VERSION = 1;
				GENERATE_INFOPLIST_FILE = YES;
				IPHONEOS_DEPLOYMENT_TARGET = 16.2;
				MARKETING_VERSION = 1.0;
				PRODUCT_BUNDLE_IDENTIFIER = "Docquity-Intern.MVVM-AppTests";
				PRODUCT_NAME = "$(TARGET_NAME)";
				SWIFT_EMIT_LOC_STRINGS = NO;
				SWIFT_VERSION = 5.0;
				TARGETED_DEVICE_FAMILY = "1,2";
				TEST_HOST = "$(BUILT_PRODUCTS_DIR)/MVVM App.app/$(BUNDLE_EXECUTABLE_FOLDER_PATH)/MVVM App";
			};
			name = Debug;
		};
		9A6853D62993827C00BD2EB6 /* Release */ = {
			isa = XCBuildConfiguration;
			buildSettings = {
				ALWAYS_EMBED_SWIFT_STANDARD_LIBRARIES = YES;
				BUNDLE_LOADER = "$(TEST_HOST)";
				CODE_SIGN_STYLE = Automatic;
				CURRENT_PROJECT_VERSION = 1;
				GENERATE_INFOPLIST_FILE = YES;
				IPHONEOS_DEPLOYMENT_TARGET = 16.2;
				MARKETING_VERSION = 1.0;
				PRODUCT_BUNDLE_IDENTIFIER = "Docquity-Intern.MVVM-AppTests";
				PRODUCT_NAME = "$(TARGET_NAME)";
				SWIFT_EMIT_LOC_STRINGS = NO;
				SWIFT_VERSION = 5.0;
				TARGETED_DEVICE_FAMILY = "1,2";
				TEST_HOST = "$(BUILT_PRODUCTS_DIR)/MVVM App.app/$(BUNDLE_EXECUTABLE_FOLDER_PATH)/MVVM App";
			};
			name = Release;
		};
		9A6853D82993827C00BD2EB6 /* Debug */ = {
			isa = XCBuildConfiguration;
			buildSettings = {
				ALWAYS_EMBED_SWIFT_STANDARD_LIBRARIES = YES;
				CODE_SIGN_STYLE = Automatic;
				CURRENT_PROJECT_VERSION = 1;
				GENERATE_INFOPLIST_FILE = YES;
				MARKETING_VERSION = 1.0;
				PRODUCT_BUNDLE_IDENTIFIER = "Docquity-Intern.MVVM-AppUITests";
				PRODUCT_NAME = "$(TARGET_NAME)";
				SWIFT_EMIT_LOC_STRINGS = NO;
				SWIFT_VERSION = 5.0;
				TARGETED_DEVICE_FAMILY = "1,2";
				TEST_TARGET_NAME = "MVVM App";
			};
			name = Debug;
		};
		9A6853D92993827C00BD2EB6 /* Release */ = {
			isa = XCBuildConfiguration;
			buildSettings = {
				ALWAYS_EMBED_SWIFT_STANDARD_LIBRARIES = YES;
				CODE_SIGN_STYLE = Automatic;
				CURRENT_PROJECT_VERSION = 1;
				GENERATE_INFOPLIST_FILE = YES;
				MARKETING_VERSION = 1.0;
				PRODUCT_BUNDLE_IDENTIFIER = "Docquity-Intern.MVVM-AppUITests";
				PRODUCT_NAME = "$(TARGET_NAME)";
				SWIFT_EMIT_LOC_STRINGS = NO;
				SWIFT_VERSION = 5.0;
				TARGETED_DEVICE_FAMILY = "1,2";
				TEST_TARGET_NAME = "MVVM App";
			};
			name = Release;
		};
/* End XCBuildConfiguration section */

/* Begin XCConfigurationList section */
		9A6853A22993827900BD2EB6 /* Build configuration list for PBXProject "MVVM App" */ = {
			isa = XCConfigurationList;
			buildConfigurations = (
				9A6853CF2993827C00BD2EB6 /* Debug */,
				9A6853D02993827C00BD2EB6 /* Release */,
			);
			defaultConfigurationIsVisible = 0;
			defaultConfigurationName = Release;
		};
		9A6853D12993827C00BD2EB6 /* Build configuration list for PBXNativeTarget "MVVM App" */ = {
			isa = XCConfigurationList;
			buildConfigurations = (
				9A6853D22993827C00BD2EB6 /* Debug */,
				9A6853D32993827C00BD2EB6 /* Release */,
			);
			defaultConfigurationIsVisible = 0;
			defaultConfigurationName = Release;
		};
		9A6853D42993827C00BD2EB6 /* Build configuration list for PBXNativeTarget "MVVM AppTests" */ = {
			isa = XCConfigurationList;
			buildConfigurations = (
				9A6853D52993827C00BD2EB6 /* Debug */,
				9A6853D62993827C00BD2EB6 /* Release */,
			);
			defaultConfigurationIsVisible = 0;
			defaultConfigurationName = Release;
		};
		9A6853D72993827C00BD2EB6 /* Build configuration list for PBXNativeTarget "MVVM AppUITests" */ = {
			isa = XCConfigurationList;
			buildConfigurations = (
				9A6853D82993827C00BD2EB6 /* Debug */,
				9A6853D92993827C00BD2EB6 /* Release */,
			);
			defaultConfigurationIsVisible = 0;
			defaultConfigurationName = Release;
		};
/* End XCConfigurationList section */

/* Begin XCRemoteSwiftPackageReference section */
		9AE60F822993DCE7001C5C2E /* XCRemoteSwiftPackageReference "Kingfisher" */ = {
			isa = XCRemoteSwiftPackageReference;
			repositoryURL = "https://github.com/onevcat/Kingfisher.git";
			requirement = {
				kind = upToNextMajorVersion;
				minimumVersion = 7.0.0;
			};
		};
/* End XCRemoteSwiftPackageReference section */

/* Begin XCSwiftPackageProductDependency section */
		9AE60F832993DCE7001C5C2E /* Kingfisher */ = {
			isa = XCSwiftPackageProductDependency;
			package = 9AE60F822993DCE7001C5C2E /* XCRemoteSwiftPackageReference "Kingfisher" */;
			productName = Kingfisher;
		};
/* End XCSwiftPackageProductDependency section */
	};
	rootObject = 9A68539F2993827900BD2EB6 /* Project object */;
}
